
Microsoft Visual Studio Solution File, Format Version 12.00
# Visual Studio Version 16
VisualStudioVersion = 16.0.29318.209
MinimumVisualStudioVersion = 10.0.40219.1
Project("{FAE04EC0-301F-11D3-BF4B-00C04F79EFBC}") = "LemonadeStand", "LemonadeStand\LemonadeStand.csproj", "{279370B1-C541-49E8-939D-4B68B4810F6D}"
EndProject
Project("{FAE04EC0-301F-11D3-BF4B-00C04F79EFBC}") = "LemonadeStandUnitTestProject", "LemonadeStandUnitTestProject\LemonadeStandUnitTestProject.csproj", "{F03DFDA1-8D5F-4E1C-81B4-20E1210A682B}"
EndProject
Global
	GlobalSection(SolutionConfigurationPlatforms) = preSolution
		Debug|Any CPU = Debug|Any CPU
		Release|Any CPU = Release|Any CPU
	EndGlobalSection
	GlobalSection(ProjectConfigurationPlatforms) = postSolution
		{279370B1-C541-49E8-939D-4B68B4810F6D}.Debug|Any CPU.ActiveCfg = Debug|Any CPU
		{279370B1-C541-49E8-939D-4B68B4810F6D}.Debug|Any CPU.Build.0 = Debug|Any CPU
		{279370B1-C541-49E8-939D-4B68B4810F6D}.Release|Any CPU.ActiveCfg = Release|Any CPU
		{279370B1-C541-49E8-939D-4B68B4810F6D}.Release|Any CPU.Build.0 = Release|Any CPU
		{F03DFDA1-8D5F-4E1C-81B4-20E1210A682B}.Debug|Any CPU.ActiveCfg = Debug|Any CPU
		{F03DFDA1-8D5F-4E1C-81B4-20E1210A682B}.Debug|Any CPU.Build.0 = Debug|Any CPU
		{F03DFDA1-8D5F-4E1C-81B4-20E1210A682B}.Release|Any CPU.ActiveCfg = Release|Any CPU
		{F03DFDA1-8D5F-4E1C-81B4-20E1210A682B}.Release|Any CPU.Build.0 = Release|Any CPU
	EndGlobalSection
	GlobalSection(SolutionProperties) = preSolution
		HideSolutionNode = FALSE
	EndGlobalSection
	GlobalSection(ExtensibilityGlobals) = postSolution
		SolutionGuid = {409B34A5-F99D-4BA8-8E1C-CF86EEC1BFFC}
	EndGlobalSection
EndGlobal
